// !$*UTF8*$!
{
	archiveVersion = 1;
	classes = {
	};
	objectVersion = 50;
	objects = {

/* Begin PBXBuildFile section */
		FA25AFBA280D92F400093BBB /* ChecklistGroup.swift in Sources */ = {isa = PBXBuildFile; fileRef = FA25AFB9280D92F400093BBB /* ChecklistGroup.swift */; };
		FA299B7B28099D3900F6330C /* AppDelegate.swift in Sources */ = {isa = PBXBuildFile; fileRef = FA299B7A28099D3900F6330C /* AppDelegate.swift */; };
		FA299B7D28099D3900F6330C /* SceneDelegate.swift in Sources */ = {isa = PBXBuildFile; fileRef = FA299B7C28099D3900F6330C /* SceneDelegate.swift */; };
		FA299B7F28099D3900F6330C /* MainViewController.swift in Sources */ = {isa = PBXBuildFile; fileRef = FA299B7E28099D3900F6330C /* MainViewController.swift */; };
		FA299B8228099D3900F6330C /* Main.storyboard in Resources */ = {isa = PBXBuildFile; fileRef = FA299B8028099D3900F6330C /* Main.storyboard */; };
		FA299B8428099D3B00F6330C /* Assets.xcassets in Resources */ = {isa = PBXBuildFile; fileRef = FA299B8328099D3B00F6330C /* Assets.xcassets */; };
		FA299B8728099D3B00F6330C /* LaunchScreen.storyboard in Resources */ = {isa = PBXBuildFile; fileRef = FA299B8528099D3B00F6330C /* LaunchScreen.storyboard */; };
		FA308B8B2812CC9200A3EBF0 /* GroupDetailsTableViewController.swift in Sources */ = {isa = PBXBuildFile; fileRef = FA308B8A2812CC9200A3EBF0 /* GroupDetailsTableViewController.swift */; };
		FA308B8E2812CE0900A3EBF0 /* ChecklistItem.swift in Sources */ = {isa = PBXBuildFile; fileRef = FA308B8D2812CE0900A3EBF0 /* ChecklistItem.swift */; };
		FA308B912812DF4900A3EBF0 /* ItemsTableViewCell.swift in Sources */ = {isa = PBXBuildFile; fileRef = FA308B902812DF4900A3EBF0 /* ItemsTableViewCell.swift */; };
		FA3DCA672816BE7100E21405 /* TextFieldTableViewCell.swift in Sources */ = {isa = PBXBuildFile; fileRef = FA3DCA662816BE7100E21405 /* TextFieldTableViewCell.swift */; };
		FA3DCA6A2816BE8400E21405 /* SwitchTableViewCell.swift in Sources */ = {isa = PBXBuildFile; fileRef = FA3DCA692816BE8400E21405 /* SwitchTableViewCell.swift */; };
		FA3DCA6D2816BE9400E21405 /* DateTableViewCell.swift in Sources */ = {isa = PBXBuildFile; fileRef = FA3DCA6C2816BE9400E21405 /* DateTableViewCell.swift */; };
		FA3DCA712816C28800E21405 /* AddItemTableViewController.swift in Sources */ = {isa = PBXBuildFile; fileRef = FA3DCA702816C28800E21405 /* AddItemTableViewController.swift */; };
		FA9CE3ED282E8FF40015894C /* GroupDetailsProtocol.swift in Sources */ = {isa = PBXBuildFile; fileRef = FA9CE3EC282E8FF40015894C /* GroupDetailsProtocol.swift */; };
		FAD184F828327C3000ECC282 /* Notifications.swift in Sources */ = {isa = PBXBuildFile; fileRef = FAD184F728327C3000ECC282 /* Notifications.swift */; };
		FAD878E1281041DA00030B7F /* GroupTableViewCell.swift in Sources */ = {isa = PBXBuildFile; fileRef = FAD878E0281041DA00030B7F /* GroupTableViewCell.swift */; };
/* End PBXBuildFile section */

/* Begin PBXFileReference section */
		FA25AFB9280D92F400093BBB /* ChecklistGroup.swift */ = {isa = PBXFileReference; lastKnownFileType = sourcecode.swift; path = ChecklistGroup.swift; sourceTree = "<group>"; };
		FA299B7728099D3900F6330C /* Checklist.app */ = {isa = PBXFileReference; explicitFileType = wrapper.application; includeInIndex = 0; path = Checklist.app; sourceTree = BUILT_PRODUCTS_DIR; };
		FA299B7A28099D3900F6330C /* AppDelegate.swift */ = {isa = PBXFileReference; lastKnownFileType = sourcecode.swift; path = AppDelegate.swift; sourceTree = "<group>"; };
		FA299B7C28099D3900F6330C /* SceneDelegate.swift */ = {isa = PBXFileReference; lastKnownFileType = sourcecode.swift; path = SceneDelegate.swift; sourceTree = "<group>"; };
		FA299B7E28099D3900F6330C /* MainViewController.swift */ = {isa = PBXFileReference; lastKnownFileType = sourcecode.swift; path = MainViewController.swift; sourceTree = "<group>"; };
		FA299B8128099D3900F6330C /* Base */ = {isa = PBXFileReference; lastKnownFileType = file.storyboard; name = Base; path = Base.lproj/Main.storyboard; sourceTree = "<group>"; };
		FA299B8328099D3B00F6330C /* Assets.xcassets */ = {isa = PBXFileReference; lastKnownFileType = folder.assetcatalog; path = Assets.xcassets; sourceTree = "<group>"; };
		FA299B8628099D3B00F6330C /* Base */ = {isa = PBXFileReference; lastKnownFileType = file.storyboard; name = Base; path = Base.lproj/LaunchScreen.storyboard; sourceTree = "<group>"; };
		FA299B8828099D3B00F6330C /* Info.plist */ = {isa = PBXFileReference; lastKnownFileType = text.plist.xml; path = Info.plist; sourceTree = "<group>"; };
		FA308B8A2812CC9200A3EBF0 /* GroupDetailsTableViewController.swift */ = {isa = PBXFileReference; lastKnownFileType = sourcecode.swift; path = GroupDetailsTableViewController.swift; sourceTree = "<group>"; };
		FA308B8D2812CE0900A3EBF0 /* ChecklistItem.swift */ = {isa = PBXFileReference; lastKnownFileType = sourcecode.swift; path = ChecklistItem.swift; sourceTree = "<group>"; };
		FA308B902812DF4900A3EBF0 /* ItemsTableViewCell.swift */ = {isa = PBXFileReference; lastKnownFileType = sourcecode.swift; path = ItemsTableViewCell.swift; sourceTree = "<group>"; };
		FA3DCA662816BE7100E21405 /* TextFieldTableViewCell.swift */ = {isa = PBXFileReference; lastKnownFileType = sourcecode.swift; path = TextFieldTableViewCell.swift; sourceTree = "<group>"; };
		FA3DCA692816BE8400E21405 /* SwitchTableViewCell.swift */ = {isa = PBXFileReference; lastKnownFileType = sourcecode.swift; path = SwitchTableViewCell.swift; sourceTree = "<group>"; };
		FA3DCA6C2816BE9400E21405 /* DateTableViewCell.swift */ = {isa = PBXFileReference; lastKnownFileType = sourcecode.swift; path = DateTableViewCell.swift; sourceTree = "<group>"; };
		FA3DCA702816C28800E21405 /* AddItemTableViewController.swift */ = {isa = PBXFileReference; lastKnownFileType = sourcecode.swift; path = AddItemTableViewController.swift; sourceTree = "<group>"; };
		FA9CE3EC282E8FF40015894C /* GroupDetailsProtocol.swift */ = {isa = PBXFileReference; lastKnownFileType = sourcecode.swift; path = GroupDetailsProtocol.swift; sourceTree = "<group>"; };
		FAD184F728327C3000ECC282 /* Notifications.swift */ = {isa = PBXFileReference; lastKnownFileType = sourcecode.swift; path = Notifications.swift; sourceTree = "<group>"; };
		FAD878E0281041DA00030B7F /* GroupTableViewCell.swift */ = {isa = PBXFileReference; lastKnownFileType = sourcecode.swift; path = GroupTableViewCell.swift; sourceTree = "<group>"; };
/* End PBXFileReference section */

/* Begin PBXFrameworksBuildPhase section */
		FA299B7428099D3900F6330C /* Frameworks */ = {
			isa = PBXFrameworksBuildPhase;
			buildActionMask = 2147483647;
			files = (
			);
			runOnlyForDeploymentPostprocessing = 0;
		};
/* End PBXFrameworksBuildPhase section */

/* Begin PBXGroup section */
		FA25AFB8280D925500093BBB /* Models */ = {
			isa = PBXGroup;
			children = (
				FA25AFB9280D92F400093BBB /* ChecklistGroup.swift */,
				FA308B8D2812CE0900A3EBF0 /* ChecklistItem.swift */,
			);
			path = Models;
			sourceTree = "<group>";
		};
		FA299B6E28099D3900F6330C = {
			isa = PBXGroup;
			children = (
				FA299B7928099D3900F6330C /* Checklist */,
				FA299B7828099D3900F6330C /* Products */,
			);
			sourceTree = "<group>";
		};
		FA299B7828099D3900F6330C /* Products */ = {
			isa = PBXGroup;
			children = (
				FA299B7728099D3900F6330C /* Checklist.app */,
			);
			name = Products;
			sourceTree = "<group>";
		};
		FA299B7928099D3900F6330C /* Checklist */ = {
			isa = PBXGroup;
			children = (
				FAD184F628327BFE00ECC282 /* extension */,
				FA9CE3EA282E8FAA0015894C /* protocols */,
				FA308B842812CA9A00A3EBF0 /* Controllers */,
				FAD878DF2810401500030B7F /* cell */,
				FA25AFB8280D925500093BBB /* Models */,
				FA299B7A28099D3900F6330C /* AppDelegate.swift */,
				FA299B7C28099D3900F6330C /* SceneDelegate.swift */,
				FA299B8028099D3900F6330C /* Main.storyboard */,
				FA299B8328099D3B00F6330C /* Assets.xcassets */,
				FA299B8528099D3B00F6330C /* LaunchScreen.storyboard */,
				FA299B8828099D3B00F6330C /* Info.plist */,
			);
			path = Checklist;
			sourceTree = "<group>";
		};
		FA308B842812CA9A00A3EBF0 /* Controllers */ = {
			isa = PBXGroup;
			children = (
				FA299B7E28099D3900F6330C /* MainViewController.swift */,
				FA308B8A2812CC9200A3EBF0 /* GroupDetailsTableViewController.swift */,
				FA3DCA702816C28800E21405 /* AddItemTableViewController.swift */,
			);
			path = Controllers;
			sourceTree = "<group>";
		};
		FA9CE3EA282E8FAA0015894C /* protocols */ = {
			isa = PBXGroup;
			children = (
				FA9CE3EC282E8FF40015894C /* GroupDetailsProtocol.swift */,
			);
			path = protocols;
			sourceTree = "<group>";
		};
		FAD184F628327BFE00ECC282 /* extension */ = {
			isa = PBXGroup;
			children = (
				FAD184F728327C3000ECC282 /* Notifications.swift */,
			);
			path = extension;
			sourceTree = "<group>";
		};
		FAD878DF2810401500030B7F /* cell */ = {
			isa = PBXGroup;
			children = (
				FAD878E0281041DA00030B7F /* GroupTableViewCell.swift */,
				FA308B902812DF4900A3EBF0 /* ItemsTableViewCell.swift */,
				FA3DCA662816BE7100E21405 /* TextFieldTableViewCell.swift */,
				FA3DCA692816BE8400E21405 /* SwitchTableViewCell.swift */,
				FA3DCA6C2816BE9400E21405 /* DateTableViewCell.swift */,
			);
			path = cell;
			sourceTree = "<group>";
		};
/* End PBXGroup section */

/* Begin PBXNativeTarget section */
		FA299B7628099D3900F6330C /* Checklist */ = {
			isa = PBXNativeTarget;
			buildConfigurationList = FA299B8B28099D3B00F6330C /* Build configuration list for PBXNativeTarget "Checklist" */;
			buildPhases = (
				FA299B7328099D3900F6330C /* Sources */,
				FA299B7428099D3900F6330C /* Frameworks */,
				FA299B7528099D3900F6330C /* Resources */,
			);
			buildRules = (
			);
			dependencies = (
			);
			name = Checklist;
			productName = Checklist;
			productReference = FA299B7728099D3900F6330C /* Checklist.app */;
			productType = "com.apple.product-type.application";
		};
/* End PBXNativeTarget section */

/* Begin PBXProject section */
		FA299B6F28099D3900F6330C /* Project object */ = {
			isa = PBXProject;
			attributes = {
				LastSwiftUpdateCheck = 1240;
				LastUpgradeCheck = 1240;
				TargetAttributes = {
					FA299B7628099D3900F6330C = {
						CreatedOnToolsVersion = 12.4;
					};
				};
			};
			buildConfigurationList = FA299B7228099D3900F6330C /* Build configuration list for PBXProject "Checklist" */;
			compatibilityVersion = "Xcode 9.3";
			developmentRegion = en;
			hasScannedForEncodings = 0;
			knownRegions = (
				en,
				Base,
			);
			mainGroup = FA299B6E28099D3900F6330C;
			productRefGroup = FA299B7828099D3900F6330C /* Products */;
			projectDirPath = "";
			projectRoot = "";
			targets = (
				FA299B7628099D3900F6330C /* Checklist */,
			);
		};
/* End PBXProject section */

/* Begin PBXResourcesBuildPhase section */
		FA299B7528099D3900F6330C /* Resources */ = {
			isa = PBXResourcesBuildPhase;
			buildActionMask = 2147483647;
			files = (
				FA299B8728099D3B00F6330C /* LaunchScreen.storyboard in Resources */,
				FA299B8428099D3B00F6330C /* Assets.xcassets in Resources */,
				FA299B8228099D3900F6330C /* Main.storyboard in Resources */,
			);
			runOnlyForDeploymentPostprocessing = 0;
		};
/* End PBXResourcesBuildPhase section */

/* Begin PBXSourcesBuildPhase section */
		FA299B7328099D3900F6330C /* Sources */ = {
			isa = PBXSourcesBuildPhase;
			buildActionMask = 2147483647;
			files = (
				FA308B912812DF4900A3EBF0 /* ItemsTableViewCell.swift in Sources */,
				FAD878E1281041DA00030B7F /* GroupTableViewCell.swift in Sources */,
				FA299B7F28099D3900F6330C /* MainViewController.swift in Sources */,
				FA308B8E2812CE0900A3EBF0 /* ChecklistItem.swift in Sources */,
				FA308B8B2812CC9200A3EBF0 /* GroupDetailsTableViewController.swift in Sources */,
				FA9CE3ED282E8FF40015894C /* GroupDetailsProtocol.swift in Sources */,
				FA299B7B28099D3900F6330C /* AppDelegate.swift in Sources */,
				FA3DCA672816BE7100E21405 /* TextFieldTableViewCell.swift in Sources */,
				FAD184F828327C3000ECC282 /* Notifications.swift in Sources */,
				FA3DCA6A2816BE8400E21405 /* SwitchTableViewCell.swift in Sources */,
				FA3DCA712816C28800E21405 /* AddItemTableViewController.swift in Sources */,
				FA25AFBA280D92F400093BBB /* ChecklistGroup.swift in Sources */,
				FA3DCA6D2816BE9400E21405 /* DateTableViewCell.swift in Sources */,
				FA299B7D28099D3900F6330C /* SceneDelegate.swift in Sources */,
			);
			runOnlyForDeploymentPostprocessing = 0;
		};
/* End PBXSourcesBuildPhase section */

/* Begin PBXVariantGroup section */
		FA299B8028099D3900F6330C /* Main.storyboard */ = {
			isa = PBXVariantGroup;
			children = (
				FA299B8128099D3900F6330C /* Base */,
			);
			name = Main.storyboard;
			sourceTree = "<group>";
		};
		FA299B8528099D3B00F6330C /* LaunchScreen.storyboard */ = {
			isa = PBXVariantGroup;
			children = (
				FA299B8628099D3B00F6330C /* Base */,
			);
			name = LaunchScreen.storyboard;
			sourceTree = "<group>";
		};
/* End PBXVariantGroup section */

/* Begin XCBuildConfiguration section */
		FA299B8928099D3B00F6330C /* Debug */ = {
			isa = XCBuildConfiguration;
			buildSettings = {
				ALWAYS_SEARCH_USER_PATHS = NO;
				CLANG_ANALYZER_NONNULL = YES;
				CLANG_ANALYZER_NUMBER_OBJECT_CONVERSION = YES_AGGRESSIVE;
				CLANG_CXX_LANGUAGE_STANDARD = "gnu++14";
				CLANG_CXX_LIBRARY = "libc++";
				CLANG_ENABLE_MODULES = YES;
				CLANG_ENABLE_OBJC_ARC = YES;
				CLANG_ENABLE_OBJC_WEAK = YES;
				CLANG_WARN_BLOCK_CAPTURE_AUTORELEASING = YES;
				CLANG_WARN_BOOL_CONVERSION = YES;
				CLANG_WARN_COMMA = YES;
				CLANG_WARN_CONSTANT_CONVERSION = YES;
				CLANG_WARN_DEPRECATED_OBJC_IMPLEMENTATIONS = YES;
				CLANG_WARN_DIRECT_OBJC_ISA_USAGE = YES_ERROR;
				CLANG_WARN_DOCUMENTATION_COMMENTS = YES;
				CLANG_WARN_EMPTY_BODY = YES;
				CLANG_WARN_ENUM_CONVERSION = YES;
				CLANG_WARN_INFINITE_RECURSION = YES;
				CLANG_WARN_INT_CONVERSION = YES;
				CLANG_WARN_NON_LITERAL_NULL_CONVERSION = YES;
				CLANG_WARN_OBJC_IMPLICIT_RETAIN_SELF = YES;
				CLANG_WARN_OBJC_LITERAL_CONVERSION = YES;
				CLANG_WARN_OBJC_ROOT_CLASS = YES_ERROR;
				CLANG_WARN_QUOTED_INCLUDE_IN_FRAMEWORK_HEADER = YES;
				CLANG_WARN_RANGE_LOOP_ANALYSIS = YES;
				CLANG_WARN_STRICT_PROTOTYPES = YES;
				CLANG_WARN_SUSPICIOUS_MOVE = YES;
				CLANG_WARN_UNGUARDED_AVAILABILITY = YES_AGGRESSIVE;
				CLANG_WARN_UNREACHABLE_CODE = YES;
				CLANG_WARN__DUPLICATE_METHOD_MATCH = YES;
				COPY_PHASE_STRIP = NO;
				DEBUG_INFORMATION_FORMAT = dwarf;
				ENABLE_STRICT_OBJC_MSGSEND = YES;
				ENABLE_TESTABILITY = YES;
				GCC_C_LANGUAGE_STANDARD = gnu11;
				GCC_DYNAMIC_NO_PIC = NO;
				GCC_NO_COMMON_BLOCKS = YES;
				GCC_OPTIMIZATION_LEVEL = 0;
				GCC_PREPROCESSOR_DEFINITIONS = (
					"DEBUG=1",
					"$(inherited)",
				);
				GCC_WARN_64_TO_32_BIT_CONVERSION = YES;
				GCC_WARN_ABOUT_RETURN_TYPE = YES_ERROR;
				GCC_WARN_UNDECLARED_SELECTOR = YES;
				GCC_WARN_UNINITIALIZED_AUTOS = YES_AGGRESSIVE;
				GCC_WARN_UNUSED_FUNCTION = YES;
				GCC_WARN_UNUSED_VARIABLE = YES;
				IPHONEOS_DEPLOYMENT_TARGET = 14.4;
				MTL_ENABLE_DEBUG_INFO = INCLUDE_SOURCE;
				MTL_FAST_MATH = YES;
				ONLY_ACTIVE_ARCH = YES;
				SDKROOT = iphoneos;
				SWIFT_ACTIVE_COMPILATION_CONDITIONS = DEBUG;
				SWIFT_OPTIMIZATION_LEVEL = "-Onone";
			};
			name = Debug;
		};
		FA299B8A28099D3B00F6330C /* Release */ = {
			isa = XCBuildConfiguration;
			buildSettings = {
				ALWAYS_SEARCH_USER_PATHS = NO;
				CLANG_ANALYZER_NONNULL = YES;
				CLANG_ANALYZER_NUMBER_OBJECT_CONVERSION = YES_AGGRESSIVE;
				CLANG_CXX_LANGUAGE_STANDARD = "gnu++14";
				CLANG_CXX_LIBRARY = "libc++";
				CLANG_ENABLE_MODULES = YES;
				CLANG_ENABLE_OBJC_ARC = YES;
				CLANG_ENABLE_OBJC_WEAK = YES;
				CLANG_WARN_BLOCK_CAPTURE_AUTORELEASING = YES;
				CLANG_WARN_BOOL_CONVERSION = YES;
				CLANG_WARN_COMMA = YES;
				CLANG_WARN_CONSTANT_CONVERSION = YES;
				CLANG_WARN_DEPRECATED_OBJC_IMPLEMENTATIONS = YES;
				CLANG_WARN_DIRECT_OBJC_ISA_USAGE = YES_ERROR;
				CLANG_WARN_DOCUMENTATION_COMMENTS = YES;
				CLANG_WARN_EMPTY_BODY = YES;
				CLANG_WARN_ENUM_CONVERSION = YES;
				CLANG_WARN_INFINITE_RECURSION = YES;
				CLANG_WARN_INT_CONVERSION = YES;
				CLANG_WARN_NON_LITERAL_NULL_CONVERSION = YES;
				CLANG_WARN_OBJC_IMPLICIT_RETAIN_SELF = YES;
				CLANG_WARN_OBJC_LITERAL_CONVERSION = YES;
				CLANG_WARN_OBJC_ROOT_CLASS = YES_ERROR;
				CLANG_WARN_QUOTED_INCLUDE_IN_FRAMEWORK_HEADER = YES;
				CLANG_WARN_RANGE_LOOP_ANALYSIS = YES;
				CLANG_WARN_STRICT_PROTOTYPES = YES;
				CLANG_WARN_SUSPICIOUS_MOVE = YES;
				CLANG_WARN_UNGUARDED_AVAILABILITY = YES_AGGRESSIVE;
				CLANG_WARN_UNREACHABLE_CODE = YES;
				CLANG_WARN__DUPLICATE_METHOD_MATCH = YES;
				COPY_PHASE_STRIP = NO;
				DEBUG_INFORMATION_FORMAT = "dwarf-with-dsym";
				ENABLE_NS_ASSERTIONS = NO;
				ENABLE_STRICT_OBJC_MSGSEND = YES;
				GCC_C_LANGUAGE_STANDARD = gnu11;
				GCC_NO_COMMON_BLOCKS = YES;
				GCC_WARN_64_TO_32_BIT_CONVERSION = YES;
				GCC_WARN_ABOUT_RETURN_TYPE = YES_ERROR;
				GCC_WARN_UNDECLARED_SELECTOR = YES;
				GCC_WARN_UNINITIALIZED_AUTOS = YES_AGGRESSIVE;
				GCC_WARN_UNUSED_FUNCTION = YES;
				GCC_WARN_UNUSED_VARIABLE = YES;
				IPHONEOS_DEPLOYMENT_TARGET = 14.4;
				MTL_ENABLE_DEBUG_INFO = NO;
				MTL_FAST_MATH = YES;
				SDKROOT = iphoneos;
				SWIFT_COMPILATION_MODE = wholemodule;
				SWIFT_OPTIMIZATION_LEVEL = "-O";
				VALIDATE_PRODUCT = YES;
			};
			name = Release;
		};
		FA299B8C28099D3B00F6330C /* Debug */ = {
			isa = XCBuildConfiguration;
			buildSettings = {
				ASSETCATALOG_COMPILER_APPICON_NAME = AppIcon;
				ASSETCATALOG_COMPILER_GLOBAL_ACCENT_COLOR_NAME = AccentColor;
				CODE_SIGN_STYLE = Automatic;
				DEVELOPMENT_TEAM = DFL25Y39Z2;
				INFOPLIST_FILE = Checklist/Info.plist;
				LD_RUNPATH_SEARCH_PATHS = (
					"$(inherited)",
					"@executable_path/Frameworks",
				);
				PRODUCT_BUNDLE_IDENTIFIER = com.Makhi.Checklist;
				PRODUCT_NAME = "$(TARGET_NAME)";
				SWIFT_VERSION = 5.0;
				TARGETED_DEVICE_FAMILY = 1;
			};
			name = Debug;
		};
		FA299B8D28099D3B00F6330C /* Release */ = {
			isa = XCBuildConfiguration;
			buildSettings = {
				ASSETCATALOG_COMPILER_APPICON_NAME = AppIcon;
				ASSETCATALOG_COMPILER_GLOBAL_ACCENT_COLOR_NAME = AccentColor;
				CODE_SIGN_STYLE = Automatic;
				DEVELOPMENT_TEAM = DFL25Y39Z2;
				INFOPLIST_FILE = Checklist/Info.plist;
				LD_RUNPATH_SEARCH_PATHS = (
					"$(inherited)",
					"@executable_path/Frameworks",
				);
				PRODUCT_BUNDLE_IDENTIFIER = com.Makhi.Checklist;
				PRODUCT_NAME = "$(TARGET_NAME)";
				SWIFT_VERSION = 5.0;
				TARGETED_DEVICE_FAMILY = 1;
			};
			name = Release;
		};
/* End XCBuildConfiguration section */

/* Begin XCConfigurationList section */
		FA299B7228099D3900F6330C /* Build configuration list for PBXProject "Checklist" */ = {
			isa = XCConfigurationList;
			buildConfigurations = (
				FA299B8928099D3B00F6330C /* Debug */,
				FA299B8A28099D3B00F6330C /* Release */,
			);
			defaultConfigurationIsVisible = 0;
			defaultConfigurationName = Release;
		};
		FA299B8B28099D3B00F6330C /* Build configuration list for PBXNativeTarget "Checklist" */ = {
			isa = XCConfigurationList;
			buildConfigurations = (
				FA299B8C28099D3B00F6330C /* Debug */,
				FA299B8D28099D3B00F6330C /* Release */,
			);
			defaultConfigurationIsVisible = 0;
			defaultConfigurationName = Release;
		};
/* End XCConfigurationList section */
	};
	rootObject = FA299B6F28099D3900F6330C /* Project object */;
}
